PODS:
  - Nimble (8.0.5)
  - Quick (2.2.0)
  - SwiftLint (0.39.1)
  - Yams (2.0.0)

DEPENDENCIES:
  - Nimble
  - Quick
  - SwiftLint
  - Yams

SPEC REPOS:
  trunk:
    - Nimble
    - Quick
    - SwiftLint
    - Yams

SPEC CHECKSUMS:
  Nimble: 4ab1aeb9b45553c75b9687196b0fa0713170a332
  Quick: 7fb19e13be07b5dfb3b90d4f9824c855a11af40e
  SwiftLint: 55e96a4a4d537d4a3156859fc1c54bd24851a046
  Yams: cb96472112d99e4b368f8dae9ab62e8a3eb8a3f9

PODFILE CHECKSUM: 0be16587f57a286e92d1c8f01acd6234e9e15ab5

COCOAPODS: 1.9.0
